// !$*UTF8*$!
{
	archiveVersion = 1;
	classes = {
	};
	objectVersion = 55;
	objects = {

/* Begin PBXBuildFile section */
		2A16793D27E762B100266DA9 /* MySecureAppApp.swift in Sources */ = {isa = PBXBuildFile; fileRef = 2A16793C27E762B100266DA9 /* MySecureAppApp.swift */; };
		2A16793F27E762B100266DA9 /* ContentView.swift in Sources */ = {isa = PBXBuildFile; fileRef = 2A16793E27E762B100266DA9 /* ContentView.swift */; };
		2A16794127E762B400266DA9 /* Assets.xcassets in Resources */ = {isa = PBXBuildFile; fileRef = 2A16794027E762B400266DA9 /* Assets.xcassets */; };
		2A16794427E762B400266DA9 /* Preview Assets.xcassets in Resources */ = {isa = PBXBuildFile; fileRef = 2A16794327E762B400266DA9 /* Preview Assets.xcassets */; };
		2A16794F27E763E200266DA9 /* APIService.swift in Sources */ = {isa = PBXBuildFile; fileRef = 2A16794E27E763E200266DA9 /* APIService.swift */; };
		2A16795127E7641B00266DA9 /* UIApplication+Extension.swift in Sources */ = {isa = PBXBuildFile; fileRef = 2A16795027E7641B00266DA9 /* UIApplication+Extension.swift */; };
		2A16795327E7646A00266DA9 /* Credentials.swift in Sources */ = {isa = PBXBuildFile; fileRef = 2A16795227E7646A00266DA9 /* Credentials.swift */; };
		2A16795527E7671700266DA9 /* LoginViewModel.swift in Sources */ = {isa = PBXBuildFile; fileRef = 2A16795427E7671700266DA9 /* LoginViewModel.swift */; };
		2A16795727E7786900266DA9 /* LoginView.swift in Sources */ = {isa = PBXBuildFile; fileRef = 2A16795627E7786900266DA9 /* LoginView.swift */; };
		2A16795927E77AC900266DA9 /* Authentication.swift in Sources */ = {isa = PBXBuildFile; fileRef = 2A16795827E77AC900266DA9 /* Authentication.swift */; };
		2A16795C27E7944800266DA9 /* SwiftKeychainWrapper in Frameworks */ = {isa = PBXBuildFile; productRef = 2A16795B27E7944800266DA9 /* SwiftKeychainWrapper */; };
		2A16795E27E7968F00266DA9 /* KeychainStorage.swift in Sources */ = {isa = PBXBuildFile; fileRef = 2A16795D27E7968F00266DA9 /* KeychainStorage.swift */; };
/* End PBXBuildFile section */

/* Begin PBXFileReference section */
		2A16793927E762B100266DA9 /* MySecureApp.app */ = {isa = PBXFileReference; explicitFileType = wrapper.application; includeInIndex = 0; path = MySecureApp.app; sourceTree = BUILT_PRODUCTS_DIR; };
		2A16793C27E762B100266DA9 /* MySecureAppApp.swift */ = {isa = PBXFileReference; lastKnownFileType = sourcecode.swift; path = MySecureAppApp.swift; sourceTree = "<group>"; };
		2A16793E27E762B100266DA9 /* ContentView.swift */ = {isa = PBXFileReference; lastKnownFileType = sourcecode.swift; path = ContentView.swift; sourceTree = "<group>"; };
		2A16794027E762B400266DA9 /* Assets.xcassets */ = {isa = PBXFileReference; lastKnownFileType = folder.assetcatalog; path = Assets.xcassets; sourceTree = "<group>"; };
		2A16794327E762B400266DA9 /* Preview Assets.xcassets */ = {isa = PBXFileReference; lastKnownFileType = folder.assetcatalog; path = "Preview Assets.xcassets"; sourceTree = "<group>"; };
		2A16794E27E763E200266DA9 /* APIService.swift */ = {isa = PBXFileReference; lastKnownFileType = sourcecode.swift; path = APIService.swift; sourceTree = "<group>"; };
		2A16795027E7641B00266DA9 /* UIApplication+Extension.swift */ = {isa = PBXFileReference; lastKnownFileType = sourcecode.swift; path = "UIApplication+Extension.swift"; sourceTree = "<group>"; };
		2A16795227E7646A00266DA9 /* Credentials.swift */ = {isa = PBXFileReference; lastKnownFileType = sourcecode.swift; path = Credentials.swift; sourceTree = "<group>"; };
		2A16795427E7671700266DA9 /* LoginViewModel.swift */ = {isa = PBXFileReference; lastKnownFileType = sourcecode.swift; path = LoginViewModel.swift; sourceTree = "<group>"; };
		2A16795627E7786900266DA9 /* LoginView.swift */ = {isa = PBXFileReference; lastKnownFileType = sourcecode.swift; path = LoginView.swift; sourceTree = "<group>"; };
		2A16795827E77AC900266DA9 /* Authentication.swift */ = {isa = PBXFileReference; lastKnownFileType = sourcecode.swift; path = Authentication.swift; sourceTree = "<group>"; };
		2A16795D27E7968F00266DA9 /* KeychainStorage.swift */ = {isa = PBXFileReference; lastKnownFileType = sourcecode.swift; path = KeychainStorage.swift; sourceTree = "<group>"; };
/* End PBXFileReference section */

/* Begin PBXFrameworksBuildPhase section */
		2A16793627E762B100266DA9 /* Frameworks */ = {
			isa = PBXFrameworksBuildPhase;
			buildActionMask = 2147483647;
			files = (
				2A16795C27E7944800266DA9 /* SwiftKeychainWrapper in Frameworks */,
			);
			runOnlyForDeploymentPostprocessing = 0;
		};
/* End PBXFrameworksBuildPhase section */

/* Begin PBXGroup section */
		2A16793027E762B100266DA9 = {
			isa = PBXGroup;
			children = (
				2A16793B27E762B100266DA9 /* MySecureApp */,
				2A16793A27E762B100266DA9 /* Products */,
			);
			sourceTree = "<group>";
		};
		2A16793A27E762B100266DA9 /* Products */ = {
			isa = PBXGroup;
			children = (
				2A16793927E762B100266DA9 /* MySecureApp.app */,
			);
			name = Products;
			sourceTree = "<group>";
		};
		2A16793B27E762B100266DA9 /* MySecureApp */ = {
			isa = PBXGroup;
			children = (
				2A16793C27E762B100266DA9 /* MySecureAppApp.swift */,
				2A16795827E77AC900266DA9 /* Authentication.swift */,
				2A16794B27E7638200266DA9 /* Models */,
				2A16794A27E7637300266DA9 /* Views */,
				2A16794D27E763B100266DA9 /* ViewModels */,
				2A16794C27E7639C00266DA9 /* Services */,
				2A16794027E762B400266DA9 /* Assets.xcassets */,
				2A16794227E762B400266DA9 /* Preview Content */,
			);
			path = MySecureApp;
			sourceTree = "<group>";
		};
		2A16794227E762B400266DA9 /* Preview Content */ = {
			isa = PBXGroup;
			children = (
				2A16794327E762B400266DA9 /* Preview Assets.xcassets */,
			);
			path = "Preview Content";
			sourceTree = "<group>";
		};
		2A16794A27E7637300266DA9 /* Views */ = {
			isa = PBXGroup;
			children = (
				2A16793E27E762B100266DA9 /* ContentView.swift */,
				2A16795627E7786900266DA9 /* LoginView.swift */,
			);
			path = Views;
			sourceTree = "<group>";
		};
		2A16794B27E7638200266DA9 /* Models */ = {
			isa = PBXGroup;
			children = (
				2A16795227E7646A00266DA9 /* Credentials.swift */,
			);
			path = Models;
			sourceTree = "<group>";
		};
		2A16794C27E7639C00266DA9 /* Services */ = {
			isa = PBXGroup;
			children = (
				2A16794E27E763E200266DA9 /* APIService.swift */,
				2A16795027E7641B00266DA9 /* UIApplication+Extension.swift */,
				2A16795D27E7968F00266DA9 /* KeychainStorage.swift */,
			);
			path = Services;
			sourceTree = "<group>";
		};
		2A16794D27E763B100266DA9 /* ViewModels */ = {
			isa = PBXGroup;
			children = (
				2A16795427E7671700266DA9 /* LoginViewModel.swift */,
			);
			path = ViewModels;
			sourceTree = "<group>";
		};
/* End PBXGroup section */

/* Begin PBXNativeTarget section */
		2A16793827E762B100266DA9 /* MySecureApp */ = {
			isa = PBXNativeTarget;
			buildConfigurationList = 2A16794727E762B400266DA9 /* Build configuration list for PBXNativeTarget "MySecureApp" */;
			buildPhases = (
				2A16793527E762B100266DA9 /* Sources */,
				2A16793627E762B100266DA9 /* Frameworks */,
				2A16793727E762B100266DA9 /* Resources */,
			);
			buildRules = (
			);
			dependencies = (
			);
			name = MySecureApp;
			packageProductDependencies = (
				2A16795B27E7944800266DA9 /* SwiftKeychainWrapper */,
			);
			productName = MySecureApp;
			productReference = 2A16793927E762B100266DA9 /* MySecureApp.app */;
			productType = "com.apple.product-type.application";
		};
/* End PBXNativeTarget section */

/* Begin PBXProject section */
		2A16793127E762B100266DA9 /* Project object */ = {
			isa = PBXProject;
			attributes = {
				BuildIndependentTargetsInParallel = 1;
				LastSwiftUpdateCheck = 1330;
				LastUpgradeCheck = 1330;
				TargetAttributes = {
					2A16793827E762B100266DA9 = {
						CreatedOnToolsVersion = 13.3;
					};
				};
			};
			buildConfigurationList = 2A16793427E762B100266DA9 /* Build configuration list for PBXProject "MySecureApp" */;
			compatibilityVersion = "Xcode 13.0";
			developmentRegion = en;
			hasScannedForEncodings = 0;
			knownRegions = (
				en,
				Base,
			);
			mainGroup = 2A16793027E762B100266DA9;
			packageReferences = (
				2A16795A27E7944800266DA9 /* XCRemoteSwiftPackageReference "SwiftKeychainWrapper" */,
			);
			productRefGroup = 2A16793A27E762B100266DA9 /* Products */;
			projectDirPath = "";
			projectRoot = "";
			targets = (
				2A16793827E762B100266DA9 /* MySecureApp */,
			);
		};
/* End PBXProject section */

/* Begin PBXResourcesBuildPhase section */
		2A16793727E762B100266DA9 /* Resources */ = {
			isa = PBXResourcesBuildPhase;
			buildActionMask = 2147483647;
			files = (
				2A16794427E762B400266DA9 /* Preview Assets.xcassets in Resources */,
				2A16794127E762B400266DA9 /* Assets.xcassets in Resources */,
			);
			runOnlyForDeploymentPostprocessing = 0;
		};
/* End PBXResourcesBuildPhase section */

/* Begin PBXSourcesBuildPhase section */
		2A16793527E762B100266DA9 /* Sources */ = {
			isa = PBXSourcesBuildPhase;
			buildActionMask = 2147483647;
			files = (
				2A16793F27E762B100266DA9 /* ContentView.swift in Sources */,
				2A16795727E7786900266DA9 /* LoginView.swift in Sources */,
				2A16794F27E763E200266DA9 /* APIService.swift in Sources */,
				2A16795527E7671700266DA9 /* LoginViewModel.swift in Sources */,
				2A16795327E7646A00266DA9 /* Credentials.swift in Sources */,
				2A16795127E7641B00266DA9 /* UIApplication+Extension.swift in Sources */,
				2A16793D27E762B100266DA9 /* MySecureAppApp.swift in Sources */,
				2A16795927E77AC900266DA9 /* Authentication.swift in Sources */,
				2A16795E27E7968F00266DA9 /* KeychainStorage.swift in Sources */,
			);
			runOnlyForDeploymentPostprocessing = 0;
		};
/* End PBXSourcesBuildPhase section */

/* Begin XCBuildConfiguration section */
		2A16794527E762B400266DA9 /* Debug */ = {
			isa = XCBuildConfiguration;
			buildSettings = {
				ALWAYS_SEARCH_USER_PATHS = NO;
				CLANG_ANALYZER_NONNULL = YES;
				CLANG_ANALYZER_NUMBER_OBJECT_CONVERSION = YES_AGGRESSIVE;
				CLANG_CXX_LANGUAGE_STANDARD = "gnu++17";
				CLANG_ENABLE_MODULES = YES;
				CLANG_ENABLE_OBJC_ARC = YES;
				CLANG_ENABLE_OBJC_WEAK = YES;
				CLANG_WARN_BLOCK_CAPTURE_AUTORELEASING = YES;
				CLANG_WARN_BOOL_CONVERSION = YES;
				CLANG_WARN_COMMA = YES;
				CLANG_WARN_CONSTANT_CONVERSION = YES;
				CLANG_WARN_DEPRECATED_OBJC_IMPLEMENTATIONS = YES;
				CLANG_WARN_DIRECT_OBJC_ISA_USAGE = YES_ERROR;
				CLANG_WARN_DOCUMENTATION_COMMENTS = YES;
				CLANG_WARN_EMPTY_BODY = YES;
				CLANG_WARN_ENUM_CONVERSION = YES;
				CLANG_WARN_INFINITE_RECURSION = YES;
				CLANG_WARN_INT_CONVERSION = YES;
				CLANG_WARN_NON_LITERAL_NULL_CONVERSION = YES;
				CLANG_WARN_OBJC_IMPLICIT_RETAIN_SELF = YES;
				CLANG_WARN_OBJC_LITERAL_CONVERSION = YES;
				CLANG_WARN_OBJC_ROOT_CLASS = YES_ERROR;
				CLANG_WARN_QUOTED_INCLUDE_IN_FRAMEWORK_HEADER = YES;
				CLANG_WARN_RANGE_LOOP_ANALYSIS = YES;
				CLANG_WARN_STRICT_PROTOTYPES = YES;
				CLANG_WARN_SUSPICIOUS_MOVE = YES;
				CLANG_WARN_UNGUARDED_AVAILABILITY = YES_AGGRESSIVE;
				CLANG_WARN_UNREACHABLE_CODE = YES;
				CLANG_WARN__DUPLICATE_METHOD_MATCH = YES;
				COPY_PHASE_STRIP = NO;
				DEBUG_INFORMATION_FORMAT = dwarf;
				ENABLE_STRICT_OBJC_MSGSEND = YES;
				ENABLE_TESTABILITY = YES;
				GCC_C_LANGUAGE_STANDARD = gnu11;
				GCC_DYNAMIC_NO_PIC = NO;
				GCC_NO_COMMON_BLOCKS = YES;
				GCC_OPTIMIZATION_LEVEL = 0;
				GCC_PREPROCESSOR_DEFINITIONS = (
					"DEBUG=1",
					"$(inherited)",
				);
				GCC_WARN_64_TO_32_BIT_CONVERSION = YES;
				GCC_WARN_ABOUT_RETURN_TYPE = YES_ERROR;
				GCC_WARN_UNDECLARED_SELECTOR = YES;
				GCC_WARN_UNINITIALIZED_AUTOS = YES_AGGRESSIVE;
				GCC_WARN_UNUSED_FUNCTION = YES;
				GCC_WARN_UNUSED_VARIABLE = YES;
				IPHONEOS_DEPLOYMENT_TARGET = 15.4;
				MTL_ENABLE_DEBUG_INFO = INCLUDE_SOURCE;
				MTL_FAST_MATH = YES;
				ONLY_ACTIVE_ARCH = YES;
				SDKROOT = iphoneos;
				SWIFT_ACTIVE_COMPILATION_CONDITIONS = DEBUG;
				SWIFT_OPTIMIZATION_LEVEL = "-Onone";
			};
			name = Debug;
		};
		2A16794627E762B400266DA9 /* Release */ = {
			isa = XCBuildConfiguration;
			buildSettings = {
				ALWAYS_SEARCH_USER_PATHS = NO;
				CLANG_ANALYZER_NONNULL = YES;
				CLANG_ANALYZER_NUMBER_OBJECT_CONVERSION = YES_AGGRESSIVE;
				CLANG_CXX_LANGUAGE_STANDARD = "gnu++17";
				CLANG_ENABLE_MODULES = YES;
				CLANG_ENABLE_OBJC_ARC = YES;
				CLANG_ENABLE_OBJC_WEAK = YES;
				CLANG_WARN_BLOCK_CAPTURE_AUTORELEASING = YES;
				CLANG_WARN_BOOL_CONVERSION = YES;
				CLANG_WARN_COMMA = YES;
				CLANG_WARN_CONSTANT_CONVERSION = YES;
				CLANG_WARN_DEPRECATED_OBJC_IMPLEMENTATIONS = YES;
				CLANG_WARN_DIRECT_OBJC_ISA_USAGE = YES_ERROR;
				CLANG_WARN_DOCUMENTATION_COMMENTS = YES;
				CLANG_WARN_EMPTY_BODY = YES;
				CLANG_WARN_ENUM_CONVERSION = YES;
				CLANG_WARN_INFINITE_RECURSION = YES;
				CLANG_WARN_INT_CONVERSION = YES;
				CLANG_WARN_NON_LITERAL_NULL_CONVERSION = YES;
				CLANG_WARN_OBJC_IMPLICIT_RETAIN_SELF = YES;
				CLANG_WARN_OBJC_LITERAL_CONVERSION = YES;
				CLANG_WARN_OBJC_ROOT_CLASS = YES_ERROR;
				CLANG_WARN_QUOTED_INCLUDE_IN_FRAMEWORK_HEADER = YES;
				CLANG_WARN_RANGE_LOOP_ANALYSIS = YES;
				CLANG_WARN_STRICT_PROTOTYPES = YES;
				CLANG_WARN_SUSPICIOUS_MOVE = YES;
				CLANG_WARN_UNGUARDED_AVAILABILITY = YES_AGGRESSIVE;
				CLANG_WARN_UNREACHABLE_CODE = YES;
				CLANG_WARN__DUPLICATE_METHOD_MATCH = YES;
				COPY_PHASE_STRIP = NO;
				DEBUG_INFORMATION_FORMAT = "dwarf-with-dsym";
				ENABLE_NS_ASSERTIONS = NO;
				ENABLE_STRICT_OBJC_MSGSEND = YES;
				GCC_C_LANGUAGE_STANDARD = gnu11;
				GCC_NO_COMMON_BLOCKS = YES;
				GCC_WARN_64_TO_32_BIT_CONVERSION = YES;
				GCC_WARN_ABOUT_RETURN_TYPE = YES_ERROR;
				GCC_WARN_UNDECLARED_SELECTOR = YES;
				GCC_WARN_UNINITIALIZED_AUTOS = YES_AGGRESSIVE;
				GCC_WARN_UNUSED_FUNCTION = YES;
				GCC_WARN_UNUSED_VARIABLE = YES;
				IPHONEOS_DEPLOYMENT_TARGET = 15.4;
				MTL_ENABLE_DEBUG_INFO = NO;
				MTL_FAST_MATH = YES;
				SDKROOT = iphoneos;
				SWIFT_COMPILATION_MODE = wholemodule;
				SWIFT_OPTIMIZATION_LEVEL = "-O";
				VALIDATE_PRODUCT = YES;
			};
			name = Release;
		};
		2A16794827E762B400266DA9 /* Debug */ = {
			isa = XCBuildConfiguration;
			buildSettings = {
				ASSETCATALOG_COMPILER_APPICON_NAME = AppIcon;
				ASSETCATALOG_COMPILER_GLOBAL_ACCENT_COLOR_NAME = AccentColor;
				CODE_SIGN_STYLE = Automatic;
				CURRENT_PROJECT_VERSION = 1;
				DEVELOPMENT_ASSET_PATHS = "\"MySecureApp/Preview Content\"";
				DEVELOPMENT_TEAM = EQYAYH45Q4;
				ENABLE_PREVIEWS = YES;
				GENERATE_INFOPLIST_FILE = YES;
				INFOPLIST_KEY_NSFaceIDUsageDescription = "Allow Face ID to acces stored credentials";
				INFOPLIST_KEY_UIApplicationSceneManifest_Generation = YES;
				INFOPLIST_KEY_UIApplicationSupportsIndirectInputEvents = YES;
				INFOPLIST_KEY_UILaunchScreen_Generation = YES;
				INFOPLIST_KEY_UISupportedInterfaceOrientations_iPad = "UIInterfaceOrientationPortrait UIInterfaceOrientationPortraitUpsideDown UIInterfaceOrientationLandscapeLeft UIInterfaceOrientationLandscapeRight";
				INFOPLIST_KEY_UISupportedInterfaceOrientations_iPhone = "UIInterfaceOrientationPortrait UIInterfaceOrientationLandscapeLeft UIInterfaceOrientationLandscapeRight";
				LD_RUNPATH_SEARCH_PATHS = (
					"$(inherited)",
					"@executable_path/Frameworks",
				);
				MARKETING_VERSION = 1.0;
				PRODUCT_BUNDLE_IDENTIFIER = "ro.arta-fierului.MySecureApp";
				PRODUCT_NAME = "$(TARGET_NAME)";
				SWIFT_EMIT_LOC_STRINGS = YES;
				SWIFT_VERSION = 5.0;
				TARGETED_DEVICE_FAMILY = "1,2";
			};
			name = Debug;
		};
		2A16794927E762B400266DA9 /* Release */ = {
			isa = XCBuildConfiguration;
			buildSettings = {
				ASSETCATALOG_COMPILER_APPICON_NAME = AppIcon;
				ASSETCATALOG_COMPILER_GLOBAL_ACCENT_COLOR_NAME = AccentColor;
				CODE_SIGN_STYLE = Automatic;
				CURRENT_PROJECT_VERSION = 1;
				DEVELOPMENT_ASSET_PATHS = "\"MySecureApp/Preview Content\"";
				DEVELOPMENT_TEAM = EQYAYH45Q4;
				ENABLE_PREVIEWS = YES;
				GENERATE_INFOPLIST_FILE = YES;
				INFOPLIST_KEY_NSFaceIDUsageDescription = "Allow Face ID to acces stored credentials";
				INFOPLIST_KEY_UIApplicationSceneManifest_Generation = YES;
				INFOPLIST_KEY_UIApplicationSupportsIndirectInputEvents = YES;
				INFOPLIST_KEY_UILaunchScreen_Generation = YES;
				INFOPLIST_KEY_UISupportedInterfaceOrientations_iPad = "UIInterfaceOrientationPortrait UIInterfaceOrientationPortraitUpsideDown UIInterfaceOrientationLandscapeLeft UIInterfaceOrientationLandscapeRight";
				INFOPLIST_KEY_UISupportedInterfaceOrientations_iPhone = "UIInterfaceOrientationPortrait UIInterfaceOrientationLandscapeLeft UIInterfaceOrientationLandscapeRight";
				LD_RUNPATH_SEARCH_PATHS = (
					"$(inherited)",
					"@executable_path/Frameworks",
				);
				MARKETING_VERSION = 1.0;
				PRODUCT_BUNDLE_IDENTIFIER = "ro.arta-fierului.MySecureApp";
				PRODUCT_NAME = "$(TARGET_NAME)";
				SWIFT_EMIT_LOC_STRINGS = YES;
				SWIFT_VERSION = 5.0;
				TARGETED_DEVICE_FAMILY = "1,2";
			};
			name = Release;
		};
/* End XCBuildConfiguration section */

/* Begin XCConfigurationList section */
		2A16793427E762B100266DA9 /* Build configuration list for PBXProject "MySecureApp" */ = {
			isa = XCConfigurationList;
			buildConfigurations = (
				2A16794527E762B400266DA9 /* Debug */,
				2A16794627E762B400266DA9 /* Release */,
			);
			defaultConfigurationIsVisible = 0;
			defaultConfigurationName = Release;
		};
		2A16794727E762B400266DA9 /* Build configuration list for PBXNativeTarget "MySecureApp" */ = {
			isa = XCConfigurationList;
			buildConfigurations = (
				2A16794827E762B400266DA9 /* Debug */,
				2A16794927E762B400266DA9 /* Release */,
			);
			defaultConfigurationIsVisible = 0;
			defaultConfigurationName = Release;
		};
/* End XCConfigurationList section */

/* Begin XCRemoteSwiftPackageReference section */
		2A16795A27E7944800266DA9 /* XCRemoteSwiftPackageReference "SwiftKeychainWrapper" */ = {
			isa = XCRemoteSwiftPackageReference;
			repositoryURL = "https://github.com/jrendel/SwiftKeychainWrapper";
			requirement = {
				kind = upToNextMajorVersion;
				minimumVersion = 4.0.0;
			};
		};
/* End XCRemoteSwiftPackageReference section */

/* Begin XCSwiftPackageProductDependency section */
		2A16795B27E7944800266DA9 /* SwiftKeychainWrapper */ = {
			isa = XCSwiftPackageProductDependency;
			package = 2A16795A27E7944800266DA9 /* XCRemoteSwiftPackageReference "SwiftKeychainWrapper" */;
			productName = SwiftKeychainWrapper;
		};
/* End XCSwiftPackageProductDependency section */
	};
	rootObject = 2A16793127E762B100266DA9 /* Project object */;
}
